
Microsoft Visual Studio Solution File, Format Version 10.00
# Visual Studio 2008
Project("{8BC9CEB8-8B4A-11D0-8D11-00A0C91BC942}") = "WebServertest", "web\webtest.vcproj", "{E4B8EFDB-29BE-4E43-86B5-2BB64231CB89}"
EndProject
Project("{8BC9CEB8-8B4A-11D0-8D11-00A0C91BC942}") = "webClient", "webClient\webClient.vcproj", "{746D3179-71CA-41B9-AF00-B9D15FFDDF66}"
EndProject
Project("{8BC9CEB8-8B4A-11D0-8D11-00A0C91BC942}") = "tinyxml", "tinyxml\tinyxml.vcproj", "{331225A9-2F42-4F99-83B3-36F24935A951}"
EndProject
Project("{8BC9CEB8-8B4A-11D0-8D11-00A0C91BC942}") = "MSXML", "MSXML\MSXML.vcproj", "{AF20092A-DB26-4C39-866E-9CC38A839926}"
EndProject
Project("{8BC9CEB8-8B4A-11D0-8D11-00A0C91BC942}") = "AKConsole", "AKConsole\AKConsole.vcproj", "{50E2EABA-9BD2-4E8A-8AC2-C782262CB8D8}"
EndProject
Project("{2150E333-8FDC-42A3-9474-1A3956D46DE8}") = "web", "web", "{248A3C50-DCCA-4DE5-A9DB-04351D96BA2E}"
EndProject
Project("{2150E333-8FDC-42A3-9474-1A3956D46DE8}") = "tool", "tool", "{7C7E4183-15E2-4F1E-9B7E-D4A06084B102}"
EndProject
Global
	GlobalSection(SolutionConfigurationPlatforms) = preSolution
		Debug|Win32 = Debug|Win32
		Release|Win32 = Release|Win32
	EndGlobalSection
	GlobalSection(ProjectConfigurationPlatforms) = postSolution
		{E4B8EFDB-29BE-4E43-86B5-2BB64231CB89}.Debug|Win32.ActiveCfg = Debug|Win32
		{E4B8EFDB-29BE-4E43-86B5-2BB64231CB89}.Debug|Win32.Build.0 = Debug|Win32
		{E4B8EFDB-29BE-4E43-86B5-2BB64231CB89}.Release|Win32.ActiveCfg = Release|Win32
		{E4B8EFDB-29BE-4E43-86B5-2BB64231CB89}.Release|Win32.Build.0 = Release|Win32
		{746D3179-71CA-41B9-AF00-B9D15FFDDF66}.Debug|Win32.ActiveCfg = Debug|Win32
		{746D3179-71CA-41B9-AF00-B9D15FFDDF66}.Debug|Win32.Build.0 = Debug|Win32
		{746D3179-71CA-41B9-AF00-B9D15FFDDF66}.Release|Win32.ActiveCfg = Release|Win32
		{746D3179-71CA-41B9-AF00-B9D15FFDDF66}.Release|Win32.Build.0 = Release|Win32
		{331225A9-2F42-4F99-83B3-36F24935A951}.Debug|Win32.ActiveCfg = Debug|Win32
		{331225A9-2F42-4F99-83B3-36F24935A951}.Debug|Win32.Build.0 = Debug|Win32
		{331225A9-2F42-4F99-83B3-36F24935A951}.Release|Win32.ActiveCfg = Release|Win32
		{331225A9-2F42-4F99-83B3-36F24935A951}.Release|Win32.Build.0 = Release|Win32
		{AF20092A-DB26-4C39-866E-9CC38A839926}.Debug|Win32.ActiveCfg = Debug|Win32
		{AF20092A-DB26-4C39-866E-9CC38A839926}.Debug|Win32.Build.0 = Debug|Win32
		{AF20092A-DB26-4C39-866E-9CC38A839926}.Release|Win32.ActiveCfg = Release|Win32
		{AF20092A-DB26-4C39-866E-9CC38A839926}.Release|Win32.Build.0 = Release|Win32
		{50E2EABA-9BD2-4E8A-8AC2-C782262CB8D8}.Debug|Win32.ActiveCfg = Debug|Win32
		{50E2EABA-9BD2-4E8A-8AC2-C782262CB8D8}.Debug|Win32.Build.0 = Debug|Win32
		{50E2EABA-9BD2-4E8A-8AC2-C782262CB8D8}.Release|Win32.ActiveCfg = Release|Win32
		{50E2EABA-9BD2-4E8A-8AC2-C782262CB8D8}.Release|Win32.Build.0 = Release|Win32
	EndGlobalSection
	GlobalSection(SolutionProperties) = preSolution
		HideSolutionNode = FALSE
	EndGlobalSection
	GlobalSection(NestedProjects) = preSolution
		{AF20092A-DB26-4C39-866E-9CC38A839926} = {248A3C50-DCCA-4DE5-A9DB-04351D96BA2E}
		{E4B8EFDB-29BE-4E43-86B5-2BB64231CB89} = {248A3C50-DCCA-4DE5-A9DB-04351D96BA2E}
		{331225A9-2F42-4F99-83B3-36F24935A951} = {248A3C50-DCCA-4DE5-A9DB-04351D96BA2E}
		{746D3179-71CA-41B9-AF00-B9D15FFDDF66} = {248A3C50-DCCA-4DE5-A9DB-04351D96BA2E}
		{50E2EABA-9BD2-4E8A-8AC2-C782262CB8D8} = {7C7E4183-15E2-4F1E-9B7E-D4A06084B102}
	EndGlobalSection
EndGlobal
